
Microsoft Visual Studio Solution File, Format Version 12.00
# Visual Studio Version 16
VisualStudioVersion = 16.0.31105.61
MinimumVisualStudioVersion = 10.0.40219.1
Project("{8BC9CEB8-8B4A-11D0-8D11-00A0C91BC942}") = "FFplay", "FFplay.vcxproj", "{16E9F756-3D9A-4188-B5CF-5CC2CC0C1CA1}"
EndProject
Global
	GlobalSection(SolutionConfigurationPlatforms) = preSolution
		Debug|x64 = Debug|x64
		Debug|x86 = Debug|x86
		Release|x64 = Release|x64
		Release|x86 = Release|x86
	EndGlobalSection
	GlobalSection(ProjectConfigurationPlatforms) = postSolution
		{16E9F756-3D9A-4188-B5CF-5CC2CC0C1CA1}.Debug|x64.ActiveCfg = Debug|x64
		{16E9F756-3D9A-4188-B5CF-5CC2CC0C1CA1}.Debug|x64.Build.0 = Debug|x64
		{16E9F756-3D9A-4188-B5CF-5CC2CC0C1CA1}.Debug|x86.ActiveCfg = Debug|Win32
		{16E9F756-3D9A-4188-B5CF-5CC2CC0C1CA1}.Debug|x86.Build.0 = Debug|Win32
		{16E9F756-3D9A-4188-B5CF-5CC2CC0C1CA1}.Release|x64.ActiveCfg = Release|x64
		{16E9F756-3D9A-4188-B5CF-5CC2CC0C1CA1}.Release|x64.Build.0 = Release|x64
		{16E9F756-3D9A-4188-B5CF-5CC2CC0C1CA1}.Release|x86.ActiveCfg = Release|Win32
		{16E9F756-3D9A-4188-B5CF-5CC2CC0C1CA1}.Release|x86.Build.0 = Release|Win32
	EndGlobalSection
	GlobalSection(SolutionProperties) = preSolution
		HideSolutionNode = FALSE
	EndGlobalSection
	GlobalSection(ExtensibilityGlobals) = postSolution
		SolutionGuid = {4621AB85-718B-445F-92B6-097519D21AFA}
	EndGlobalSection
EndGlobal
